{
  "name": "dede_es1b",
  "lockfileVersion": 2,
  "requires": true,
  "packages": {
    "": {
      "devDependencies": {
        "@types/babel__core": "^7.1.19"
      }
    },
    "node_modules/@babel/helper-validator-identifier": {
      "version": "7.16.7",
      "resolved": "https://registry.npmjs.org/@babel/helper-validator-identifier/-/helper-validator-identifier-7.16.7.tgz",
      "integrity": "sha512-hsEnFemeiW4D08A5gUAZxLBTXpZ39P+a+DGDsHw1yxqyQ/jzFEnxf5uTEGp+3bzAbNOxU1paTgYS4ECU/IgfDw==",
      "dev": true,
      "engines": {
        "node": ">=6.9.0"
      }
    },
    "node_modules/@babel/parser": {
      "version": "7.17.9",
      "resolved": "https://registry.npmjs.org/@babel/parser/-/parser-7.17.9.tgz",
      "integrity": "sha512-vqUSBLP8dQHFPdPi9bc5GK9vRkYHJ49fsZdtoJ8EQ8ibpwk5rPKfvNIwChB0KVXcIjcepEBBd2VHC5r9Gy8ueg==",
      "dev": true,
      "bin": {
        "parser": "bin/babel-parser.js"
      },
      "engines": {
        "node": ">=6.0.0"
      }
    },
    "node_modules/@babel/types": {
      "version": "7.17.0",
      "resolved": "https://registry.npmjs.org/@babel/types/-/types-7.17.0.tgz",
      "integrity": "sha512-TmKSNO4D5rzhL5bjWFcVHHLETzfQ/AmbKpKPOSjlP0WoHZ6L911fgoOKY4Alp/emzG4cHJdyN49zpgkbXFEHHw==",
      "dev": true,
      "dependencies": {
        "@babel/helper-validator-identifier": "^7.16.7",
        "to-fast-properties": "^2.0.0"
      },
      "engines": {
        "node": ">=6.9.0"
      }
    },
    "node_modules/@types/babel__core": {
      "version": "7.1.19",
      "resolved": "https://registry.npmjs.org/@types/babel__core/-/babel__core-7.1.19.tgz",
      "integrity": "sha512-WEOTgRsbYkvA/KCsDwVEGkd7WAr1e3g31VHQ8zy5gul/V1qKullU/BU5I68X5v7V3GnB9eotmom4v5a5gjxorw==",
      "dev": true,
      "dependencies": {
        "@babel/parser": "^7.1.0",
        "@babel/types": "^7.0.0",
        "@types/babel__generator": "*",
        "@types/babel__template": "*",
        "@types/babel__traverse": "*"
      }
    },
    "node_modules/@types/babel__generator": {
      "version": "7.6.4",
      "resolved": "https://registry.npmjs.org/@types/babel__generator/-/babel__generator-7.6.4.tgz",
      "integrity": "sha512-tFkciB9j2K755yrTALxD44McOrk+gfpIpvC3sxHjRawj6PfnQxrse4Clq5y/Rq+G3mrBurMax/lG8Qn2t9mSsg==",
      "dev": true,
      "dependencies": {
        "@babel/types": "^7.0.0"
      }
    },
    "node_modules/@types/babel__template": {
      "version": "7.4.1",
      "resolved": "https://registry.npmjs.org/@types/babel__template/-/babel__template-7.4.1.tgz",
      "integrity": "sha512-azBFKemX6kMg5Io+/rdGT0dkGreboUVR0Cdm3fz9QJWpaQGJRQXl7C+6hOTCZcMll7KFyEQpgbYI2lHdsS4U7g==",
      "dev": true,
      "dependencies": {
        "@babel/parser": "^7.1.0",
        "@babel/types": "^7.0.0"
      }
    },
    "node_modules/@types/babel__traverse": {
      "version": "7.14.2",
      "resolved": "https://registry.npmjs.org/@types/babel__traverse/-/babel__traverse-7.14.2.tgz",
      "integrity": "sha512-K2waXdXBi2302XUdcHcR1jCeU0LL4TD9HRs/gk0N2Xvrht+G/BfJa4QObBQZfhMdxiCpV3COl5Nfq4uKTeTnJA==",
      "dev": true,
      "dependencies": {
        "@babel/types": "^7.3.0"
      }
    },
    "node_modules/to-fast-properties": {
      "version": "2.0.0",
      "resolved": "https://registry.npmjs.org/to-fast-properties/-/to-fast-properties-2.0.0.tgz",
      "integrity": "sha1-3F5pjL0HkmW8c+A3doGk5Og/YW4=",
      "dev": true,
      "engines": {
        "node": ">=4"
      }
    }
  },
  "dependencies": {
    "@babel/helper-validator-identifier": {
      "version": "7.16.7",
      "resolved": "https://registry.npmjs.org/@babel/helper-validator-identifier/-/helper-validator-identifier-7.16.7.tgz",
      "integrity": "sha512-hsEnFemeiW4D08A5gUAZxLBTXpZ39P+a+DGDsHw1yxqyQ/jzFEnxf5uTEGp+3bzAbNOxU1paTgYS4ECU/IgfDw==",
      "dev": true
    },
    "@babel/parser": {
      "version": "7.17.9",
      "resolved": "https://registry.npmjs.org/@babel/parser/-/parser-7.17.9.tgz",
      "integrity": "sha512-vqUSBLP8dQHFPdPi9bc5GK9vRkYHJ49fsZdtoJ8EQ8ibpwk5rPKfvNIwChB0KVXcIjcepEBBd2VHC5r9Gy8ueg==",
      "dev": true
    },
    "@babel/types": {
      "version": "7.17.0",
      "resolved": "https://registry.npmjs.org/@babel/types/-/types-7.17.0.tgz",
      "integrity": "sha512-TmKSNO4D5rzhL5bjWFcVHHLETzfQ/AmbKpKPOSjlP0WoHZ6L911fgoOKY4Alp/emzG4cHJdyN49zpgkbXFEHHw==",
      "dev": true,
      "requires": {
        "@babel/helper-validator-identifier": "^7.16.7",
        "to-fast-properties": "^2.0.0"
      }
    },
    "@types/babel__core": {
      "version": "7.1.19",
      "resolved": "https://registry.npmjs.org/@types/babel__core/-/babel__core-7.1.19.tgz",
      "integrity": "sha512-WEOTgRsbYkvA/KCsDwVEGkd7WAr1e3g31VHQ8zy5gul/V1qKullU/BU5I68X5v7V3GnB9eotmom4v5a5gjxorw==",
      "dev": true,
      "requires": {
        "@babel/parser": "^7.1.0",
        "@babel/types": "^7.0.0",
        "@types/babel__generator": "*",
        "@types/babel__template": "*",
        "@types/babel__traverse": "*"
      }
    },
    "@types/babel__generator": {
      "version": "7.6.4",
      "resolved": "https://registry.npmjs.org/@types/babel__generator/-/babel__generator-7.6.4.tgz",
      "integrity": "sha512-tFkciB9j2K755yrTALxD44McOrk+gfpIpvC3sxHjRawj6PfnQxrse4Clq5y/Rq+G3mrBurMax/lG8Qn2t9mSsg==",
      "dev": true,
      "requires": {
        "@babel/types": "^7.0.0"
      }
    },
    "@types/babel__template": {
      "version": "7.4.1",
      "resolved": "https://registry.npmjs.org/@types/babel__template/-/babel__template-7.4.1.tgz",
      "integrity": "sha512-azBFKemX6kMg5Io+/rdGT0dkGreboUVR0Cdm3fz9QJWpaQGJRQXl7C+6hOTCZcMll7KFyEQpgbYI2lHdsS4U7g==",
      "dev": true,
      "requires": {
        "@babel/parser": "^7.1.0",
        "@babel/types": "^7.0.0"
      }
    },
    "@types/babel__traverse": {
      "version": "7.14.2",
      "resolved": "https://registry.npmjs.org/@types/babel__traverse/-/babel__traverse-7.14.2.tgz",
      "integrity": "sha512-K2waXdXBi2302XUdcHcR1jCeU0LL4TD9HRs/gk0N2Xvrht+G/BfJa4QObBQZfhMdxiCpV3COl5Nfq4uKTeTnJA==",
      "dev": true,
      "requires": {
        "@babel/types": "^7.3.0"
      }
    },
    "to-fast-properties": {
      "version": "2.0.0",
      "resolved": "https://registry.npmjs.org/to-fast-properties/-/to-fast-properties-2.0.0.tgz",
      "integrity": "sha1-3F5pjL0HkmW8c+A3doGk5Og/YW4=",
      "dev": true
    }
  }
}
